
Microsoft Visual Studio Solution File, Format Version 12.00
# Visual Studio Version 17
VisualStudioVersion = 17.5.33424.131
MinimumVisualStudioVersion = 10.0.40219.1
Project("{FAE04EC0-301F-11D3-BF4B-00C04F79EFBC}") = "ServidorSeguridad", "ServidorSeguridad.csproj", "{A5713724-4264-400E-9073-2C883FCC38E5}"
EndProject
Global
	GlobalSection(SolutionConfigurationPlatforms) = preSolution
		Debug|Any CPU = Debug|Any CPU
		Release|Any CPU = Release|Any CPU
	EndGlobalSection
	GlobalSection(ProjectConfigurationPlatforms) = postSolution
		{A5713724-4264-400E-9073-2C883FCC38E5}.Debug|Any CPU.ActiveCfg = Debug|Any CPU
		{A5713724-4264-400E-9073-2C883FCC38E5}.Debug|Any CPU.Build.0 = Debug|Any CPU
		{A5713724-4264-400E-9073-2C883FCC38E5}.Release|Any CPU.ActiveCfg = Release|Any CPU
		{A5713724-4264-400E-9073-2C883FCC38E5}.Release|Any CPU.Build.0 = Release|Any CPU
	EndGlobalSection
	GlobalSection(SolutionProperties) = preSolution
		HideSolutionNode = FALSE
	EndGlobalSection
	GlobalSection(ExtensibilityGlobals) = postSolution
		SolutionGuid = {FEA1394F-ECF5-45D9-AD27-C6308E625B51}
	EndGlobalSection
EndGlobal
